// !$*UTF8*$!
{
	archiveVersion = 1;
	classes = {
	};
	objectVersion = 55;
	objects = {

/* Begin PBXBuildFile section */
		0B545E87297BB52B004168BA /* CustomView.swift in Sources */ = {isa = PBXBuildFile; fileRef = 0B545E86297BB52B004168BA /* CustomView.swift */; };
		0B545E8A297BBD13004168BA /* UIColor.swift in Sources */ = {isa = PBXBuildFile; fileRef = 0B545E89297BBD13004168BA /* UIColor.swift */; };
		0B545E8C297BBD23004168BA /* AlertView.swift in Sources */ = {isa = PBXBuildFile; fileRef = 0B545E8B297BBD23004168BA /* AlertView.swift */; };
		0B545E8F297BBEA3004168BA /* SignUpViewController.swift in Sources */ = {isa = PBXBuildFile; fileRef = 0B545E8E297BBEA3004168BA /* SignUpViewController.swift */; };
		0B545E91297BD1EF004168BA /* Utilities.swift in Sources */ = {isa = PBXBuildFile; fileRef = 0B545E90297BD1EF004168BA /* Utilities.swift */; };
		0B545E93297BD97B004168BA /* UserDefaults.swift in Sources */ = {isa = PBXBuildFile; fileRef = 0B545E92297BD97B004168BA /* UserDefaults.swift */; };
		0BCA09B7297AA8EA003C2C16 /* AppDelegate.swift in Sources */ = {isa = PBXBuildFile; fileRef = 0BCA09B6297AA8EA003C2C16 /* AppDelegate.swift */; };
		0BCA09B9297AA8EA003C2C16 /* SceneDelegate.swift in Sources */ = {isa = PBXBuildFile; fileRef = 0BCA09B8297AA8EA003C2C16 /* SceneDelegate.swift */; };
		0BCA09BE297AA8EA003C2C16 /* Main.storyboard in Resources */ = {isa = PBXBuildFile; fileRef = 0BCA09BC297AA8EA003C2C16 /* Main.storyboard */; };
		0BCA09C0297AA8EB003C2C16 /* Assets.xcassets in Resources */ = {isa = PBXBuildFile; fileRef = 0BCA09BF297AA8EB003C2C16 /* Assets.xcassets */; };
		0BCA09C3297AA8EB003C2C16 /* LaunchScreen.storyboard in Resources */ = {isa = PBXBuildFile; fileRef = 0BCA09C1297AA8EB003C2C16 /* LaunchScreen.storyboard */; };
		0BCA09CE297AA8EC003C2C16 /* ManikandanIos_TaskTests.swift in Sources */ = {isa = PBXBuildFile; fileRef = 0BCA09CD297AA8EC003C2C16 /* ManikandanIos_TaskTests.swift */; };
		0BCA09D8297AA8EC003C2C16 /* ManikandanIos_TaskUITests.swift in Sources */ = {isa = PBXBuildFile; fileRef = 0BCA09D7297AA8EC003C2C16 /* ManikandanIos_TaskUITests.swift */; };
		0BCA09DA297AA8EC003C2C16 /* ManikandanIos_TaskUITestsLaunchTests.swift in Sources */ = {isa = PBXBuildFile; fileRef = 0BCA09D9297AA8EC003C2C16 /* ManikandanIos_TaskUITestsLaunchTests.swift */; };
		0BCA09EA297AA951003C2C16 /* LoginViewController.swift in Sources */ = {isa = PBXBuildFile; fileRef = 0BCA09E9297AA951003C2C16 /* LoginViewController.swift */; };
		0BCA09EF297AA9A4003C2C16 /* ResetPasswordViewController.swift in Sources */ = {isa = PBXBuildFile; fileRef = 0BCA09EE297AA9A4003C2C16 /* ResetPasswordViewController.swift */; };
		0BCA09F1297AA9B2003C2C16 /* HomeViewController.swift in Sources */ = {isa = PBXBuildFile; fileRef = 0BCA09F0297AA9B2003C2C16 /* HomeViewController.swift */; };
		0BCA09F4297AB1F4003C2C16 /* CustomButton.swift in Sources */ = {isa = PBXBuildFile; fileRef = 0BCA09F3297AB1F4003C2C16 /* CustomButton.swift */; };
		0BCA09F6297AB20B003C2C16 /* CustomTextField.swift in Sources */ = {isa = PBXBuildFile; fileRef = 0BCA09F5297AB20B003C2C16 /* CustomTextField.swift */; };
		0BCA09F9297AB515003C2C16 /* CustomLabel.swift in Sources */ = {isa = PBXBuildFile; fileRef = 0BCA09F8297AB515003C2C16 /* CustomLabel.swift */; };
/* End PBXBuildFile section */

/* Begin PBXContainerItemProxy section */
		0BCA09CA297AA8EC003C2C16 /* PBXContainerItemProxy */ = {
			isa = PBXContainerItemProxy;
			containerPortal = 0BCA09AB297AA8EA003C2C16 /* Project object */;
			proxyType = 1;
			remoteGlobalIDString = 0BCA09B2297AA8EA003C2C16;
			remoteInfo = ManikandanIos_Task;
		};
		0BCA09D4297AA8EC003C2C16 /* PBXContainerItemProxy */ = {
			isa = PBXContainerItemProxy;
			containerPortal = 0BCA09AB297AA8EA003C2C16 /* Project object */;
			proxyType = 1;
			remoteGlobalIDString = 0BCA09B2297AA8EA003C2C16;
			remoteInfo = ManikandanIos_Task;
		};
/* End PBXContainerItemProxy section */

/* Begin PBXFileReference section */
		0B545E86297BB52B004168BA /* CustomView.swift */ = {isa = PBXFileReference; lastKnownFileType = sourcecode.swift; path = CustomView.swift; sourceTree = "<group>"; };
		0B545E89297BBD13004168BA /* UIColor.swift */ = {isa = PBXFileReference; fileEncoding = 4; lastKnownFileType = sourcecode.swift; path = UIColor.swift; sourceTree = "<group>"; };
		0B545E8B297BBD23004168BA /* AlertView.swift */ = {isa = PBXFileReference; fileEncoding = 4; lastKnownFileType = sourcecode.swift; path = AlertView.swift; sourceTree = "<group>"; };
		0B545E8E297BBEA3004168BA /* SignUpViewController.swift */ = {isa = PBXFileReference; lastKnownFileType = sourcecode.swift; path = SignUpViewController.swift; sourceTree = "<group>"; };
		0B545E90297BD1EF004168BA /* Utilities.swift */ = {isa = PBXFileReference; lastKnownFileType = sourcecode.swift; path = Utilities.swift; sourceTree = "<group>"; };
		0B545E92297BD97B004168BA /* UserDefaults.swift */ = {isa = PBXFileReference; lastKnownFileType = sourcecode.swift; path = UserDefaults.swift; sourceTree = "<group>"; };
		0BCA09B3297AA8EA003C2C16 /* ManikandanIos_Task.app */ = {isa = PBXFileReference; explicitFileType = wrapper.application; includeInIndex = 0; path = ManikandanIos_Task.app; sourceTree = BUILT_PRODUCTS_DIR; };
		0BCA09B6297AA8EA003C2C16 /* AppDelegate.swift */ = {isa = PBXFileReference; lastKnownFileType = sourcecode.swift; path = AppDelegate.swift; sourceTree = "<group>"; };
		0BCA09B8297AA8EA003C2C16 /* SceneDelegate.swift */ = {isa = PBXFileReference; lastKnownFileType = sourcecode.swift; path = SceneDelegate.swift; sourceTree = "<group>"; };
		0BCA09BD297AA8EA003C2C16 /* Base */ = {isa = PBXFileReference; lastKnownFileType = file.storyboard; name = Base; path = Base.lproj/Main.storyboard; sourceTree = "<group>"; };
		0BCA09BF297AA8EB003C2C16 /* Assets.xcassets */ = {isa = PBXFileReference; lastKnownFileType = folder.assetcatalog; path = Assets.xcassets; sourceTree = "<group>"; };
		0BCA09C2297AA8EB003C2C16 /* Base */ = {isa = PBXFileReference; lastKnownFileType = file.storyboard; name = Base; path = Base.lproj/LaunchScreen.storyboard; sourceTree = "<group>"; };
		0BCA09C4297AA8EB003C2C16 /* Info.plist */ = {isa = PBXFileReference; lastKnownFileType = text.plist.xml; path = Info.plist; sourceTree = "<group>"; };
		0BCA09C9297AA8EC003C2C16 /* ManikandanIos_TaskTests.xctest */ = {isa = PBXFileReference; explicitFileType = wrapper.cfbundle; includeInIndex = 0; path = ManikandanIos_TaskTests.xctest; sourceTree = BUILT_PRODUCTS_DIR; };
		0BCA09CD297AA8EC003C2C16 /* ManikandanIos_TaskTests.swift */ = {isa = PBXFileReference; lastKnownFileType = sourcecode.swift; path = ManikandanIos_TaskTests.swift; sourceTree = "<group>"; };
		0BCA09D3297AA8EC003C2C16 /* ManikandanIos_TaskUITests.xctest */ = {isa = PBXFileReference; explicitFileType = wrapper.cfbundle; includeInIndex = 0; path = ManikandanIos_TaskUITests.xctest; sourceTree = BUILT_PRODUCTS_DIR; };
		0BCA09D7297AA8EC003C2C16 /* ManikandanIos_TaskUITests.swift */ = {isa = PBXFileReference; lastKnownFileType = sourcecode.swift; path = ManikandanIos_TaskUITests.swift; sourceTree = "<group>"; };
		0BCA09D9297AA8EC003C2C16 /* ManikandanIos_TaskUITestsLaunchTests.swift */ = {isa = PBXFileReference; lastKnownFileType = sourcecode.swift; path = ManikandanIos_TaskUITestsLaunchTests.swift; sourceTree = "<group>"; };
		0BCA09E9297AA951003C2C16 /* LoginViewController.swift */ = {isa = PBXFileReference; lastKnownFileType = sourcecode.swift; path = LoginViewController.swift; sourceTree = "<group>"; };
		0BCA09EE297AA9A4003C2C16 /* ResetPasswordViewController.swift */ = {isa = PBXFileReference; lastKnownFileType = sourcecode.swift; path = ResetPasswordViewController.swift; sourceTree = "<group>"; };
		0BCA09F0297AA9B2003C2C16 /* HomeViewController.swift */ = {isa = PBXFileReference; lastKnownFileType = sourcecode.swift; path = HomeViewController.swift; sourceTree = "<group>"; };
		0BCA09F3297AB1F4003C2C16 /* CustomButton.swift */ = {isa = PBXFileReference; lastKnownFileType = sourcecode.swift; path = CustomButton.swift; sourceTree = "<group>"; };
		0BCA09F5297AB20B003C2C16 /* CustomTextField.swift */ = {isa = PBXFileReference; lastKnownFileType = sourcecode.swift; path = CustomTextField.swift; sourceTree = "<group>"; };
		0BCA09F8297AB515003C2C16 /* CustomLabel.swift */ = {isa = PBXFileReference; lastKnownFileType = sourcecode.swift; path = CustomLabel.swift; sourceTree = "<group>"; };
/* End PBXFileReference section */

/* Begin PBXFrameworksBuildPhase section */
		0BCA09B0297AA8EA003C2C16 /* Frameworks */ = {
			isa = PBXFrameworksBuildPhase;
			buildActionMask = 2147483647;
			files = (
			);
			runOnlyForDeploymentPostprocessing = 0;
		};
		0BCA09C6297AA8EC003C2C16 /* Frameworks */ = {
			isa = PBXFrameworksBuildPhase;
			buildActionMask = 2147483647;
			files = (
			);
			runOnlyForDeploymentPostprocessing = 0;
		};
		0BCA09D0297AA8EC003C2C16 /* Frameworks */ = {
			isa = PBXFrameworksBuildPhase;
			buildActionMask = 2147483647;
			files = (
			);
			runOnlyForDeploymentPostprocessing = 0;
		};
/* End PBXFrameworksBuildPhase section */

/* Begin PBXGroup section */
		0B545E88297BBCE9004168BA /* Constant */ = {
			isa = PBXGroup;
			children = (
				0B545E89297BBD13004168BA /* UIColor.swift */,
				0B545E8B297BBD23004168BA /* AlertView.swift */,
				0B545E90297BD1EF004168BA /* Utilities.swift */,
				0B545E92297BD97B004168BA /* UserDefaults.swift */,
			);
			path = Constant;
			sourceTree = "<group>";
		};
		0B545E8D297BBE8D004168BA /* Signup */ = {
			isa = PBXGroup;
			children = (
				0B545E8E297BBEA3004168BA /* SignUpViewController.swift */,
			);
			path = Signup;
			sourceTree = "<group>";
		};
		0BCA09AA297AA8EA003C2C16 = {
			isa = PBXGroup;
			children = (
				0BCA09B5297AA8EA003C2C16 /* ManikandanIos_Task */,
				0BCA09CC297AA8EC003C2C16 /* ManikandanIos_TaskTests */,
				0BCA09D6297AA8EC003C2C16 /* ManikandanIos_TaskUITests */,
				0BCA09B4297AA8EA003C2C16 /* Products */,
			);
			sourceTree = "<group>";
		};
		0BCA09B4297AA8EA003C2C16 /* Products */ = {
			isa = PBXGroup;
			children = (
				0BCA09B3297AA8EA003C2C16 /* ManikandanIos_Task.app */,
				0BCA09C9297AA8EC003C2C16 /* ManikandanIos_TaskTests.xctest */,
				0BCA09D3297AA8EC003C2C16 /* ManikandanIos_TaskUITests.xctest */,
			);
			name = Products;
			sourceTree = "<group>";
		};
		0BCA09B5297AA8EA003C2C16 /* ManikandanIos_Task */ = {
			isa = PBXGroup;
			children = (
				0BCA09E6297AA905003C2C16 /* AppDelegate */,
				0BCA09E8297AA91B003C2C16 /* Storyboard */,
				0BCA09E7297AA911003C2C16 /* ViewController */,
				0B545E88297BBCE9004168BA /* Constant */,
				0BCA09F2297AB1E1003C2C16 /* Helper */,
				0BCA09BF297AA8EB003C2C16 /* Assets.xcassets */,
				0BCA09C1297AA8EB003C2C16 /* LaunchScreen.storyboard */,
				0BCA09C4297AA8EB003C2C16 /* Info.plist */,
			);
			path = ManikandanIos_Task;
			sourceTree = "<group>";
		};
		0BCA09CC297AA8EC003C2C16 /* ManikandanIos_TaskTests */ = {
			isa = PBXGroup;
			children = (
				0BCA09CD297AA8EC003C2C16 /* ManikandanIos_TaskTests.swift */,
			);
			path = ManikandanIos_TaskTests;
			sourceTree = "<group>";
		};
		0BCA09D6297AA8EC003C2C16 /* ManikandanIos_TaskUITests */ = {
			isa = PBXGroup;
			children = (
				0BCA09D7297AA8EC003C2C16 /* ManikandanIos_TaskUITests.swift */,
				0BCA09D9297AA8EC003C2C16 /* ManikandanIos_TaskUITestsLaunchTests.swift */,
			);
			path = ManikandanIos_TaskUITests;
			sourceTree = "<group>";
		};
		0BCA09E6297AA905003C2C16 /* AppDelegate */ = {
			isa = PBXGroup;
			children = (
				0BCA09B6297AA8EA003C2C16 /* AppDelegate.swift */,
				0BCA09B8297AA8EA003C2C16 /* SceneDelegate.swift */,
			);
			path = AppDelegate;
			sourceTree = "<group>";
		};
		0BCA09E7297AA911003C2C16 /* ViewController */ = {
			isa = PBXGroup;
			children = (
				0BCA09EB297AA95C003C2C16 /* Login */,
				0B545E8D297BBE8D004168BA /* Signup */,
				0BCA09EC297AA96A003C2C16 /* ResetPassword */,
				0BCA09ED297AA978003C2C16 /* Home */,
			);
			path = ViewController;
			sourceTree = "<group>";
		};
		0BCA09E8297AA91B003C2C16 /* Storyboard */ = {
			isa = PBXGroup;
			children = (
				0BCA09BC297AA8EA003C2C16 /* Main.storyboard */,
			);
			path = Storyboard;
			sourceTree = "<group>";
		};
		0BCA09EB297AA95C003C2C16 /* Login */ = {
			isa = PBXGroup;
			children = (
				0BCA09E9297AA951003C2C16 /* LoginViewController.swift */,
			);
			path = Login;
			sourceTree = "<group>";
		};
		0BCA09EC297AA96A003C2C16 /* ResetPassword */ = {
			isa = PBXGroup;
			children = (
				0BCA09EE297AA9A4003C2C16 /* ResetPasswordViewController.swift */,
			);
			path = ResetPassword;
			sourceTree = "<group>";
		};
		0BCA09ED297AA978003C2C16 /* Home */ = {
			isa = PBXGroup;
			children = (
				0BCA09F0297AA9B2003C2C16 /* HomeViewController.swift */,
			);
			path = Home;
			sourceTree = "<group>";
		};
		0BCA09F2297AB1E1003C2C16 /* Helper */ = {
			isa = PBXGroup;
			children = (
				0BCA09F3297AB1F4003C2C16 /* CustomButton.swift */,
				0BCA09F5297AB20B003C2C16 /* CustomTextField.swift */,
				0BCA09F8297AB515003C2C16 /* CustomLabel.swift */,
				0B545E86297BB52B004168BA /* CustomView.swift */,
			);
			path = Helper;
			sourceTree = "<group>";
		};
/* End PBXGroup section */

/* Begin PBXNativeTarget section */
		0BCA09B2297AA8EA003C2C16 /* ManikandanIos_Task */ = {
			isa = PBXNativeTarget;
			buildConfigurationList = 0BCA09DD297AA8EC003C2C16 /* Build configuration list for PBXNativeTarget "ManikandanIos_Task" */;
			buildPhases = (
				0BCA09AF297AA8EA003C2C16 /* Sources */,
				0BCA09B0297AA8EA003C2C16 /* Frameworks */,
				0BCA09B1297AA8EA003C2C16 /* Resources */,
			);
			buildRules = (
			);
			dependencies = (
			);
			name = ManikandanIos_Task;
			productName = ManikandanIos_Task;
			productReference = 0BCA09B3297AA8EA003C2C16 /* ManikandanIos_Task.app */;
			productType = "com.apple.product-type.application";
		};
		0BCA09C8297AA8EC003C2C16 /* ManikandanIos_TaskTests */ = {
			isa = PBXNativeTarget;
			buildConfigurationList = 0BCA09E0297AA8EC003C2C16 /* Build configuration list for PBXNativeTarget "ManikandanIos_TaskTests" */;
			buildPhases = (
				0BCA09C5297AA8EC003C2C16 /* Sources */,
				0BCA09C6297AA8EC003C2C16 /* Frameworks */,
				0BCA09C7297AA8EC003C2C16 /* Resources */,
			);
			buildRules = (
			);
			dependencies = (
				0BCA09CB297AA8EC003C2C16 /* PBXTargetDependency */,
			);
			name = ManikandanIos_TaskTests;
			productName = ManikandanIos_TaskTests;
			productReference = 0BCA09C9297AA8EC003C2C16 /* ManikandanIos_TaskTests.xctest */;
			productType = "com.apple.product-type.bundle.unit-test";
		};
		0BCA09D2297AA8EC003C2C16 /* ManikandanIos_TaskUITests */ = {
			isa = PBXNativeTarget;
			buildConfigurationList = 0BCA09E3297AA8EC003C2C16 /* Build configuration list for PBXNativeTarget "ManikandanIos_TaskUITests" */;
			buildPhases = (
				0BCA09CF297AA8EC003C2C16 /* Sources */,
				0BCA09D0297AA8EC003C2C16 /* Frameworks */,
				0BCA09D1297AA8EC003C2C16 /* Resources */,
			);
			buildRules = (
			);
			dependencies = (
				0BCA09D5297AA8EC003C2C16 /* PBXTargetDependency */,
			);
			name = ManikandanIos_TaskUITests;
			productName = ManikandanIos_TaskUITests;
			productReference = 0BCA09D3297AA8EC003C2C16 /* ManikandanIos_TaskUITests.xctest */;
			productType = "com.apple.product-type.bundle.ui-testing";
		};
/* End PBXNativeTarget section */

/* Begin PBXProject section */
		0BCA09AB297AA8EA003C2C16 /* Project object */ = {
			isa = PBXProject;
			attributes = {
				BuildIndependentTargetsInParallel = 1;
				LastSwiftUpdateCheck = 1340;
				LastUpgradeCheck = 1340;
				TargetAttributes = {
					0BCA09B2297AA8EA003C2C16 = {
						CreatedOnToolsVersion = 13.4.1;
					};
					0BCA09C8297AA8EC003C2C16 = {
						CreatedOnToolsVersion = 13.4.1;
						TestTargetID = 0BCA09B2297AA8EA003C2C16;
					};
					0BCA09D2297AA8EC003C2C16 = {
						CreatedOnToolsVersion = 13.4.1;
						TestTargetID = 0BCA09B2297AA8EA003C2C16;
					};
				};
			};
			buildConfigurationList = 0BCA09AE297AA8EA003C2C16 /* Build configuration list for PBXProject "ManikandanIos_Task" */;
			compatibilityVersion = "Xcode 13.0";
			developmentRegion = en;
			hasScannedForEncodings = 0;
			knownRegions = (
				en,
				Base,
			);
			mainGroup = 0BCA09AA297AA8EA003C2C16;
			productRefGroup = 0BCA09B4297AA8EA003C2C16 /* Products */;
			projectDirPath = "";
			projectRoot = "";
			targets = (
				0BCA09B2297AA8EA003C2C16 /* ManikandanIos_Task */,
				0BCA09C8297AA8EC003C2C16 /* ManikandanIos_TaskTests */,
				0BCA09D2297AA8EC003C2C16 /* ManikandanIos_TaskUITests */,
			);
		};
/* End PBXProject section */

/* Begin PBXResourcesBuildPhase section */
		0BCA09B1297AA8EA003C2C16 /* Resources */ = {
			isa = PBXResourcesBuildPhase;
			buildActionMask = 2147483647;
			files = (
				0BCA09C3297AA8EB003C2C16 /* LaunchScreen.storyboard in Resources */,
				0BCA09C0297AA8EB003C2C16 /* Assets.xcassets in Resources */,
				0BCA09BE297AA8EA003C2C16 /* Main.storyboard in Resources */,
			);
			runOnlyForDeploymentPostprocessing = 0;
		};
		0BCA09C7297AA8EC003C2C16 /* Resources */ = {
			isa = PBXResourcesBuildPhase;
			buildActionMask = 2147483647;
			files = (
			);
			runOnlyForDeploymentPostprocessing = 0;
		};
		0BCA09D1297AA8EC003C2C16 /* Resources */ = {
			isa = PBXResourcesBuildPhase;
			buildActionMask = 2147483647;
			files = (
			);
			runOnlyForDeploymentPostprocessing = 0;
		};
/* End PBXResourcesBuildPhase section */

/* Begin PBXSourcesBuildPhase section */
		0BCA09AF297AA8EA003C2C16 /* Sources */ = {
			isa = PBXSourcesBuildPhase;
			buildActionMask = 2147483647;
			files = (
				0BCA09F1297AA9B2003C2C16 /* HomeViewController.swift in Sources */,
				0BCA09F4297AB1F4003C2C16 /* CustomButton.swift in Sources */,
				0BCA09EA297AA951003C2C16 /* LoginViewController.swift in Sources */,
				0B545E8C297BBD23004168BA /* AlertView.swift in Sources */,
				0B545E91297BD1EF004168BA /* Utilities.swift in Sources */,
				0B545E87297BB52B004168BA /* CustomView.swift in Sources */,
				0BCA09F6297AB20B003C2C16 /* CustomTextField.swift in Sources */,
				0B545E8F297BBEA3004168BA /* SignUpViewController.swift in Sources */,
				0BCA09B7297AA8EA003C2C16 /* AppDelegate.swift in Sources */,
				0BCA09B9297AA8EA003C2C16 /* SceneDelegate.swift in Sources */,
				0BCA09EF297AA9A4003C2C16 /* ResetPasswordViewController.swift in Sources */,
				0BCA09F9297AB515003C2C16 /* CustomLabel.swift in Sources */,
				0B545E93297BD97B004168BA /* UserDefaults.swift in Sources */,
				0B545E8A297BBD13004168BA /* UIColor.swift in Sources */,
			);
			runOnlyForDeploymentPostprocessing = 0;
		};
		0BCA09C5297AA8EC003C2C16 /* Sources */ = {
			isa = PBXSourcesBuildPhase;
			buildActionMask = 2147483647;
			files = (
				0BCA09CE297AA8EC003C2C16 /* ManikandanIos_TaskTests.swift in Sources */,
			);
			runOnlyForDeploymentPostprocessing = 0;
		};
		0BCA09CF297AA8EC003C2C16 /* Sources */ = {
			isa = PBXSourcesBuildPhase;
			buildActionMask = 2147483647;
			files = (
				0BCA09D8297AA8EC003C2C16 /* ManikandanIos_TaskUITests.swift in Sources */,
				0BCA09DA297AA8EC003C2C16 /* ManikandanIos_TaskUITestsLaunchTests.swift in Sources */,
			);
			runOnlyForDeploymentPostprocessing = 0;
		};
/* End PBXSourcesBuildPhase section */

/* Begin PBXTargetDependency section */
		0BCA09CB297AA8EC003C2C16 /* PBXTargetDependency */ = {
			isa = PBXTargetDependency;
			target = 0BCA09B2297AA8EA003C2C16 /* ManikandanIos_Task */;
			targetProxy = 0BCA09CA297AA8EC003C2C16 /* PBXContainerItemProxy */;
		};
		0BCA09D5297AA8EC003C2C16 /* PBXTargetDependency */ = {
			isa = PBXTargetDependency;
			target = 0BCA09B2297AA8EA003C2C16 /* ManikandanIos_Task */;
			targetProxy = 0BCA09D4297AA8EC003C2C16 /* PBXContainerItemProxy */;
		};
/* End PBXTargetDependency section */

/* Begin PBXVariantGroup section */
		0BCA09BC297AA8EA003C2C16 /* Main.storyboard */ = {
			isa = PBXVariantGroup;
			children = (
				0BCA09BD297AA8EA003C2C16 /* Base */,
			);
			name = Main.storyboard;
			sourceTree = "<group>";
		};
		0BCA09C1297AA8EB003C2C16 /* LaunchScreen.storyboard */ = {
			isa = PBXVariantGroup;
			children = (
				0BCA09C2297AA8EB003C2C16 /* Base */,
			);
			name = LaunchScreen.storyboard;
			sourceTree = "<group>";
		};
/* End PBXVariantGroup section */

/* Begin XCBuildConfiguration section */
		0BCA09DB297AA8EC003C2C16 /* Debug */ = {
			isa = XCBuildConfiguration;
			buildSettings = {
				ALWAYS_SEARCH_USER_PATHS = NO;
				CLANG_ANALYZER_NONNULL = YES;
				CLANG_ANALYZER_NUMBER_OBJECT_CONVERSION = YES_AGGRESSIVE;
				CLANG_CXX_LANGUAGE_STANDARD = "gnu++17";
				CLANG_ENABLE_MODULES = YES;
				CLANG_ENABLE_OBJC_ARC = YES;
				CLANG_ENABLE_OBJC_WEAK = YES;
				CLANG_WARN_BLOCK_CAPTURE_AUTORELEASING = YES;
				CLANG_WARN_BOOL_CONVERSION = YES;
				CLANG_WARN_COMMA = YES;
				CLANG_WARN_CONSTANT_CONVERSION = YES;
				CLANG_WARN_DEPRECATED_OBJC_IMPLEMENTATIONS = YES;
				CLANG_WARN_DIRECT_OBJC_ISA_USAGE = YES_ERROR;
				CLANG_WARN_DOCUMENTATION_COMMENTS = YES;
				CLANG_WARN_EMPTY_BODY = YES;
				CLANG_WARN_ENUM_CONVERSION = YES;
				CLANG_WARN_INFINITE_RECURSION = YES;
				CLANG_WARN_INT_CONVERSION = YES;
				CLANG_WARN_NON_LITERAL_NULL_CONVERSION = YES;
				CLANG_WARN_OBJC_IMPLICIT_RETAIN_SELF = YES;
				CLANG_WARN_OBJC_LITERAL_CONVERSION = YES;
				CLANG_WARN_OBJC_ROOT_CLASS = YES_ERROR;
				CLANG_WARN_QUOTED_INCLUDE_IN_FRAMEWORK_HEADER = YES;
				CLANG_WARN_RANGE_LOOP_ANALYSIS = YES;
				CLANG_WARN_STRICT_PROTOTYPES = YES;
				CLANG_WARN_SUSPICIOUS_MOVE = YES;
				CLANG_WARN_UNGUARDED_AVAILABILITY = YES_AGGRESSIVE;
				CLANG_WARN_UNREACHABLE_CODE = YES;
				CLANG_WARN__DUPLICATE_METHOD_MATCH = YES;
				COPY_PHASE_STRIP = NO;
				DEBUG_INFORMATION_FORMAT = dwarf;
				ENABLE_STRICT_OBJC_MSGSEND = YES;
				ENABLE_TESTABILITY = YES;
				GCC_C_LANGUAGE_STANDARD = gnu11;
				GCC_DYNAMIC_NO_PIC = NO;
				GCC_NO_COMMON_BLOCKS = YES;
				GCC_OPTIMIZATION_LEVEL = 0;
				GCC_PREPROCESSOR_DEFINITIONS = (
					"DEBUG=1",
					"$(inherited)",
				);
				GCC_WARN_64_TO_32_BIT_CONVERSION = YES;
				GCC_WARN_ABOUT_RETURN_TYPE = YES_ERROR;
				GCC_WARN_UNDECLARED_SELECTOR = YES;
				GCC_WARN_UNINITIALIZED_AUTOS = YES_AGGRESSIVE;
				GCC_WARN_UNUSED_FUNCTION = YES;
				GCC_WARN_UNUSED_VARIABLE = YES;
				IPHONEOS_DEPLOYMENT_TARGET = 15.5;
				MTL_ENABLE_DEBUG_INFO = INCLUDE_SOURCE;
				MTL_FAST_MATH = YES;
				ONLY_ACTIVE_ARCH = YES;
				SDKROOT = iphoneos;
				SWIFT_ACTIVE_COMPILATION_CONDITIONS = DEBUG;
				SWIFT_OPTIMIZATION_LEVEL = "-Onone";
			};
			name = Debug;
		};
		0BCA09DC297AA8EC003C2C16 /* Release */ = {
			isa = XCBuildConfiguration;
			buildSettings = {
				ALWAYS_SEARCH_USER_PATHS = NO;
				CLANG_ANALYZER_NONNULL = YES;
				CLANG_ANALYZER_NUMBER_OBJECT_CONVERSION = YES_AGGRESSIVE;
				CLANG_CXX_LANGUAGE_STANDARD = "gnu++17";
				CLANG_ENABLE_MODULES = YES;
				CLANG_ENABLE_OBJC_ARC = YES;
				CLANG_ENABLE_OBJC_WEAK = YES;
				CLANG_WARN_BLOCK_CAPTURE_AUTORELEASING = YES;
				CLANG_WARN_BOOL_CONVERSION = YES;
				CLANG_WARN_COMMA = YES;
				CLANG_WARN_CONSTANT_CONVERSION = YES;
				CLANG_WARN_DEPRECATED_OBJC_IMPLEMENTATIONS = YES;
				CLANG_WARN_DIRECT_OBJC_ISA_USAGE = YES_ERROR;
				CLANG_WARN_DOCUMENTATION_COMMENTS = YES;
				CLANG_WARN_EMPTY_BODY = YES;
				CLANG_WARN_ENUM_CONVERSION = YES;
				CLANG_WARN_INFINITE_RECURSION = YES;
				CLANG_WARN_INT_CONVERSION = YES;
				CLANG_WARN_NON_LITERAL_NULL_CONVERSION = YES;
				CLANG_WARN_OBJC_IMPLICIT_RETAIN_SELF = YES;
				CLANG_WARN_OBJC_LITERAL_CONVERSION = YES;
				CLANG_WARN_OBJC_ROOT_CLASS = YES_ERROR;
				CLANG_WARN_QUOTED_INCLUDE_IN_FRAMEWORK_HEADER = YES;
				CLANG_WARN_RANGE_LOOP_ANALYSIS = YES;
				CLANG_WARN_STRICT_PROTOTYPES = YES;
				CLANG_WARN_SUSPICIOUS_MOVE = YES;
				CLANG_WARN_UNGUARDED_AVAILABILITY = YES_AGGRESSIVE;
				CLANG_WARN_UNREACHABLE_CODE = YES;
				CLANG_WARN__DUPLICATE_METHOD_MATCH = YES;
				COPY_PHASE_STRIP = NO;
				DEBUG_INFORMATION_FORMAT = "dwarf-with-dsym";
				ENABLE_NS_ASSERTIONS = NO;
				ENABLE_STRICT_OBJC_MSGSEND = YES;
				GCC_C_LANGUAGE_STANDARD = gnu11;
				GCC_NO_COMMON_BLOCKS = YES;
				GCC_WARN_64_TO_32_BIT_CONVERSION = YES;
				GCC_WARN_ABOUT_RETURN_TYPE = YES_ERROR;
				GCC_WARN_UNDECLARED_SELECTOR = YES;
				GCC_WARN_UNINITIALIZED_AUTOS = YES_AGGRESSIVE;
				GCC_WARN_UNUSED_FUNCTION = YES;
				GCC_WARN_UNUSED_VARIABLE = YES;
				IPHONEOS_DEPLOYMENT_TARGET = 15.5;
				MTL_ENABLE_DEBUG_INFO = NO;
				MTL_FAST_MATH = YES;
				SDKROOT = iphoneos;
				SWIFT_COMPILATION_MODE = wholemodule;
				SWIFT_OPTIMIZATION_LEVEL = "-O";
				VALIDATE_PRODUCT = YES;
			};
			name = Release;
		};
		0BCA09DE297AA8EC003C2C16 /* Debug */ = {
			isa = XCBuildConfiguration;
			buildSettings = {
				ASSETCATALOG_COMPILER_APPICON_NAME = AppIcon;
				ASSETCATALOG_COMPILER_GLOBAL_ACCENT_COLOR_NAME = AccentColor;
				CODE_SIGN_STYLE = Automatic;
				CURRENT_PROJECT_VERSION = 1;
				DEVELOPMENT_TEAM = PKX77T2C5A;
				GENERATE_INFOPLIST_FILE = YES;
				INFOPLIST_FILE = ManikandanIos_Task/Info.plist;
				INFOPLIST_KEY_UIApplicationSupportsIndirectInputEvents = YES;
				INFOPLIST_KEY_UILaunchStoryboardName = LaunchScreen;
				INFOPLIST_KEY_UIMainStoryboardFile = Main;
				INFOPLIST_KEY_UISupportedInterfaceOrientations_iPad = "UIInterfaceOrientationPortrait UIInterfaceOrientationPortraitUpsideDown UIInterfaceOrientationLandscapeLeft UIInterfaceOrientationLandscapeRight";
				INFOPLIST_KEY_UISupportedInterfaceOrientations_iPhone = "UIInterfaceOrientationPortrait UIInterfaceOrientationLandscapeLeft UIInterfaceOrientationLandscapeRight";
				LD_RUNPATH_SEARCH_PATHS = (
					"$(inherited)",
					"@executable_path/Frameworks",
				);
				MARKETING_VERSION = 1.0;
				PRODUCT_BUNDLE_IDENTIFIER = "eeee.com.ManikandanIos-Task";
				PRODUCT_NAME = "$(TARGET_NAME)";
				SWIFT_EMIT_LOC_STRINGS = YES;
				SWIFT_VERSION = 5.0;
				TARGETED_DEVICE_FAMILY = "1,2";
			};
			name = Debug;
		};
		0BCA09DF297AA8EC003C2C16 /* Release */ = {
			isa = XCBuildConfiguration;
			buildSettings = {
				ASSETCATALOG_COMPILER_APPICON_NAME = AppIcon;
				ASSETCATALOG_COMPILER_GLOBAL_ACCENT_COLOR_NAME = AccentColor;
				CODE_SIGN_STYLE = Automatic;
				CURRENT_PROJECT_VERSION = 1;
				DEVELOPMENT_TEAM = PKX77T2C5A;
				GENERATE_INFOPLIST_FILE = YES;
				INFOPLIST_FILE = ManikandanIos_Task/Info.plist;
				INFOPLIST_KEY_UIApplicationSupportsIndirectInputEvents = YES;
				INFOPLIST_KEY_UILaunchStoryboardName = LaunchScreen;
				INFOPLIST_KEY_UIMainStoryboardFile = Main;
				INFOPLIST_KEY_UISupportedInterfaceOrientations_iPad = "UIInterfaceOrientationPortrait UIInterfaceOrientationPortraitUpsideDown UIInterfaceOrientationLandscapeLeft UIInterfaceOrientationLandscapeRight";
				INFOPLIST_KEY_UISupportedInterfaceOrientations_iPhone = "UIInterfaceOrientationPortrait UIInterfaceOrientationLandscapeLeft UIInterfaceOrientationLandscapeRight";
				LD_RUNPATH_SEARCH_PATHS = (
					"$(inherited)",
					"@executable_path/Frameworks",
				);
				MARKETING_VERSION = 1.0;
				PRODUCT_BUNDLE_IDENTIFIER = "eeee.com.ManikandanIos-Task";
				PRODUCT_NAME = "$(TARGET_NAME)";
				SWIFT_EMIT_LOC_STRINGS = YES;
				SWIFT_VERSION = 5.0;
				TARGETED_DEVICE_FAMILY = "1,2";
			};
			name = Release;
		};
		0BCA09E1297AA8EC003C2C16 /* Debug */ = {
			isa = XCBuildConfiguration;
			buildSettings = {
				ALWAYS_EMBED_SWIFT_STANDARD_LIBRARIES = YES;
				BUNDLE_LOADER = "$(TEST_HOST)";
				CODE_SIGN_STYLE = Automatic;
				CURRENT_PROJECT_VERSION = 1;
				DEVELOPMENT_TEAM = PKX77T2C5A;
				GENERATE_INFOPLIST_FILE = YES;
				IPHONEOS_DEPLOYMENT_TARGET = 15.5;
				MARKETING_VERSION = 1.0;
				PRODUCT_BUNDLE_IDENTIFIER = "eeee.com.ManikandanIos-TaskTests";
				PRODUCT_NAME = "$(TARGET_NAME)";
				SWIFT_EMIT_LOC_STRINGS = NO;
				SWIFT_VERSION = 5.0;
				TARGETED_DEVICE_FAMILY = "1,2";
				TEST_HOST = "$(BUILT_PRODUCTS_DIR)/ManikandanIos_Task.app/ManikandanIos_Task";
			};
			name = Debug;
		};
		0BCA09E2297AA8EC003C2C16 /* Release */ = {
			isa = XCBuildConfiguration;
			buildSettings = {
				ALWAYS_EMBED_SWIFT_STANDARD_LIBRARIES = YES;
				BUNDLE_LOADER = "$(TEST_HOST)";
				CODE_SIGN_STYLE = Automatic;
				CURRENT_PROJECT_VERSION = 1;
				DEVELOPMENT_TEAM = PKX77T2C5A;
				GENERATE_INFOPLIST_FILE = YES;
				IPHONEOS_DEPLOYMENT_TARGET = 15.5;
				MARKETING_VERSION = 1.0;
				PRODUCT_BUNDLE_IDENTIFIER = "eeee.com.ManikandanIos-TaskTests";
				PRODUCT_NAME = "$(TARGET_NAME)";
				SWIFT_EMIT_LOC_STRINGS = NO;
				SWIFT_VERSION = 5.0;
				TARGETED_DEVICE_FAMILY = "1,2";
				TEST_HOST = "$(BUILT_PRODUCTS_DIR)/ManikandanIos_Task.app/ManikandanIos_Task";
			};
			name = Release;
		};
		0BCA09E4297AA8EC003C2C16 /* Debug */ = {
			isa = XCBuildConfiguration;
			buildSettings = {
				ALWAYS_EMBED_SWIFT_STANDARD_LIBRARIES = YES;
				CODE_SIGN_STYLE = Automatic;
				CURRENT_PROJECT_VERSION = 1;
				DEVELOPMENT_TEAM = PKX77T2C5A;
				GENERATE_INFOPLIST_FILE = YES;
				MARKETING_VERSION = 1.0;
				PRODUCT_BUNDLE_IDENTIFIER = "eeee.com.ManikandanIos-TaskUITests";
				PRODUCT_NAME = "$(TARGET_NAME)";
				SWIFT_EMIT_LOC_STRINGS = NO;
				SWIFT_VERSION = 5.0;
				TARGETED_DEVICE_FAMILY = "1,2";
				TEST_TARGET_NAME = ManikandanIos_Task;
			};
			name = Debug;
		};
		0BCA09E5297AA8EC003C2C16 /* Release */ = {
			isa = XCBuildConfiguration;
			buildSettings = {
				ALWAYS_EMBED_SWIFT_STANDARD_LIBRARIES = YES;
				CODE_SIGN_STYLE = Automatic;
				CURRENT_PROJECT_VERSION = 1;
				DEVELOPMENT_TEAM = PKX77T2C5A;
				GENERATE_INFOPLIST_FILE = YES;
				MARKETING_VERSION = 1.0;
				PRODUCT_BUNDLE_IDENTIFIER = "eeee.com.ManikandanIos-TaskUITests";
				PRODUCT_NAME = "$(TARGET_NAME)";
				SWIFT_EMIT_LOC_STRINGS = NO;
				SWIFT_VERSION = 5.0;
				TARGETED_DEVICE_FAMILY = "1,2";
				TEST_TARGET_NAME = ManikandanIos_Task;
			};
			name = Release;
		};
/* End XCBuildConfiguration section */

/* Begin XCConfigurationList section */
		0BCA09AE297AA8EA003C2C16 /* Build configuration list for PBXProject "ManikandanIos_Task" */ = {
			isa = XCConfigurationList;
			buildConfigurations = (
				0BCA09DB297AA8EC003C2C16 /* Debug */,
				0BCA09DC297AA8EC003C2C16 /* Release */,
			);
			defaultConfigurationIsVisible = 0;
			defaultConfigurationName = Release;
		};
		0BCA09DD297AA8EC003C2C16 /* Build configuration list for PBXNativeTarget "ManikandanIos_Task" */ = {
			isa = XCConfigurationList;
			buildConfigurations = (
				0BCA09DE297AA8EC003C2C16 /* Debug */,
				0BCA09DF297AA8EC003C2C16 /* Release */,
			);
			defaultConfigurationIsVisible = 0;
			defaultConfigurationName = Release;
		};
		0BCA09E0297AA8EC003C2C16 /* Build configuration list for PBXNativeTarget "ManikandanIos_TaskTests" */ = {
			isa = XCConfigurationList;
			buildConfigurations = (
				0BCA09E1297AA8EC003C2C16 /* Debug */,
				0BCA09E2297AA8EC003C2C16 /* Release */,
			);
			defaultConfigurationIsVisible = 0;
			defaultConfigurationName = Release;
		};
		0BCA09E3297AA8EC003C2C16 /* Build configuration list for PBXNativeTarget "ManikandanIos_TaskUITests" */ = {
			isa = XCConfigurationList;
			buildConfigurations = (
				0BCA09E4297AA8EC003C2C16 /* Debug */,
				0BCA09E5297AA8EC003C2C16 /* Release */,
			);
			defaultConfigurationIsVisible = 0;
			defaultConfigurationName = Release;
		};
/* End XCConfigurationList section */
	};
	rootObject = 0BCA09AB297AA8EA003C2C16 /* Project object */;
}
